
Microsoft Visual Studio Solution File, Format Version 12.00
# Visual Studio Version 16
VisualStudioVersion = 16.0.29215.179
MinimumVisualStudioVersion = 10.0.40219.1
Project("{9A19103F-16F7-4668-BE54-9A1E7A4F7556}") = "GuessNumber", "GuessNumber.csproj", "{74C16E6E-583B-4DA5-8A54-A5F85A45EBAD}"
EndProject
Global
	GlobalSection(SolutionConfigurationPlatforms) = preSolution
		Debug|Any CPU = Debug|Any CPU
		Release|Any CPU = Release|Any CPU
	EndGlobalSection
	GlobalSection(ProjectConfigurationPlatforms) = postSolution
		{74C16E6E-583B-4DA5-8A54-A5F85A45EBAD}.Debug|Any CPU.ActiveCfg = Debug|Any CPU
		{74C16E6E-583B-4DA5-8A54-A5F85A45EBAD}.Debug|Any CPU.Build.0 = Debug|Any CPU
		{74C16E6E-583B-4DA5-8A54-A5F85A45EBAD}.Release|Any CPU.ActiveCfg = Release|Any CPU
		{74C16E6E-583B-4DA5-8A54-A5F85A45EBAD}.Release|Any CPU.Build.0 = Release|Any CPU
	EndGlobalSection
	GlobalSection(SolutionProperties) = preSolution
		HideSolutionNode = FALSE
	EndGlobalSection
	GlobalSection(ExtensibilityGlobals) = postSolution
		SolutionGuid = {3E2AA151-F8BD-40CF-AD80-C48110C021A5}
	EndGlobalSection
EndGlobal
